{
  "name": "@nodenv/nodenv",
  "version": "1.4.0",
  "lockfileVersion": 1,
  "requires": true,
  "dependencies": {
    "bats": {
      "version": "1.4.1",
      "resolved": "https://registry.npmjs.org/bats/-/bats-1.4.1.tgz",
      "integrity": "sha512-sZgqfOHgPqtQSD84WKQiNU3a/44hQiiHGtA43gTUPeOdl5jYhnXSBNGCa8DGlKc8JpI/UUYcaPNf0Afg3OOibQ==",
      "dev": true
    },
    "bats-assert": {
      "version": "github:jasonkarns/bats-assert-1#8200039faf9790c05d9865490c97a0e101b9c80f",
      "from": "github:jasonkarns/bats-assert-1",
      "dev": true
    },
    "bats-support": {
      "version": "github:jasonkarns/bats-support#004e707638eedd62e0481e8cdc9223ad471f12ee",
      "from": "github:jasonkarns/bats-support",
      "dev": true
    }
  }
}
