{
  "name": "nodenv",
  "version": "1.1.2",
  "lockfileVersion": 1,
  "requires": true,
  "dependencies": {
    "bats": {
      "version": "0.4.2",
      "resolved": "https://registry.npmjs.org/bats/-/bats-0.4.2.tgz",
      "integrity": "sha1-gfIiu8uwg9FSiz6IMKbo8xSHbsY=",
      "dev": true
    },
    "bats-assert": {
      "version": "1.1.0",
      "resolved": "https://registry.npmjs.org/bats-assert/-/bats-assert-1.1.0.tgz",
      "integrity": "sha1-0JD/gpbeSDOPnIhgDShY2aj3jeM=",
      "dev": true
    },
    "brew-publish": {
      "version": "2.2.0",
      "resolved": "https://registry.npmjs.org/brew-publish/-/brew-publish-2.2.0.tgz",
      "integrity": "sha512-0d8neRrawePfzYyq8zpXkJRwE5I0mEB8ksPN2cnuOxXffo975HJ4jD5JB7gSb59tLp3xlSNIC0ou/1Bw3329MQ==",
      "dev": true
    }
  }
}
